
Microsoft Visual Studio Solution File, Format Version 12.00
# Visual Studio Version 17
VisualStudioVersion = 17.12.35707.178
MinimumVisualStudioVersion = 10.0.40219.1
Project("{2150E333-8FDC-42A3-9474-1A3956D46DE8}") = "Statemnets", "Statemnets", "{8225392C-03F2-43B7-8FDE-4B65FF4F89B5}"
	ProjectSection(SolutionItems) = preProject
		08_select.sql = 08_select.sql
		10.10_concat.sql = 10.10_concat.sql
		10.11_group_by.sql = 10.11_group_by.sql
		10.12_having.sql = 10.12_having.sql
		10.13_case.sql = 10.13_case.sql
		10.2_null.sql = 10.2_null.sql
		10.1_comments.sql = 10.1_comments.sql
		10.3_min_max.sql = 10.3_min_max.sql
		10.5_sum.sql = 10.5_sum.sql
		10.6_avg.sql = 10.6_avg.sql
		10.7_in.sql = 10.7_in.sql
		10.8_between.sql = 10.8_between.sql
		10.9_alias.sql = 10.9_alias.sql
		9.1_distintc.sql = 9.1_distintc.sql
		10.4_count.sql = 10.4_count.sql
		9.2_where.sql = 9.2_where.sql
		9.3_order_by.sql = 9.3_order_by.sql
		9.4_like.sql = 9.4_like.sql
		9.5_and_or_not.sql = 9.5_and_or_not.sql
		9.6_limit.sql = 9.6_limit.sql
	EndProjectSection
EndProject
Global
	GlobalSection(SolutionProperties) = preSolution
		HideSolutionNode = FALSE
	EndGlobalSection
EndGlobal
