
Microsoft Visual Studio Solution File, Format Version 12.00
# Visual Studio Version 17
VisualStudioVersion = 17.12.35707.178
MinimumVisualStudioVersion = 10.0.40219.1
Project("{2150E333-8FDC-42A3-9474-1A3956D46DE8}") = "01_Reading", "01_Reading", "{8225392C-03F2-43B7-8FDE-4B65FF4F89B5}"
	ProjectSection(SolutionItems) = preProject
		08_select.sql = 08_select.sql
		10.10_concat.sql = 10.10_concat.sql
		10.11_group_by.sql = 10.11_group_by.sql
		10.12_having.sql = 10.12_having.sql
		10.13_case.sql = 10.13_case.sql
		10.1_comments.sql = 10.1_comments.sql
		10.2_null.sql = 10.2_null.sql
		10.3_min_max.sql = 10.3_min_max.sql
		10.4_count.sql = 10.4_count.sql
		10.5_sum.sql = 10.5_sum.sql
		10.6_avg.sql = 10.6_avg.sql
		10.7_in.sql = 10.7_in.sql
		10.8_between.sql = 10.8_between.sql
		10.9_alias.sql = 10.9_alias.sql
		9.1_distintc.sql = 9.1_distintc.sql
		9.2_where.sql = 9.2_where.sql
		9.3_order_by.sql = 9.3_order_by.sql
		9.4_like.sql = 9.4_like.sql
		9.5_and_or_not.sql = 9.5_and_or_not.sql
		9.6_limit.sql = 9.6_limit.sql
	EndProjectSection
EndProject
Project("{2150E333-8FDC-42A3-9474-1A3956D46DE8}") = "02_Writing", "02_Writing", "{5F646520-73AB-41A9-9108-C5E8A65AA4DE}"
	ProjectSection(SolutionItems) = preProject
		11.1_Insert.sql = 11.1_Insert.sql
		11.2_update.sql = 11.2_update.sql
		11.3_delete.sql = 11.3_delete.sql
	EndProjectSection
EndProject
Project("{2150E333-8FDC-42A3-9474-1A3956D46DE8}") = "03_DataBase", "03_DataBase", "{61B5A7F8-23BD-4DEB-A367-22CB804FF76D}"
	ProjectSection(SolutionItems) = preProject
		12.1_create.sql = 12.1_create.sql
		12.2_drop.sql = 12.2_drop.sql
	EndProjectSection
EndProject
Project("{2150E333-8FDC-42A3-9474-1A3956D46DE8}") = "04_Table", "04_Table", "{C4A360CB-5DC6-4AF0-94AB-3ACB701EC96B}"
	ProjectSection(SolutionItems) = preProject
		13.1_create_table.sql = 13.1_create_table.sql
		13.8_drop_table.sql = 13.8_drop_table.sql
		13.9_alter_table.sql = 13.9_alter_table.sql
	EndProjectSection
EndProject
Project("{2150E333-8FDC-42A3-9474-1A3956D46DE8}") = "Tablas_Relacionales", "Tablas_Relacionales", "{23509F90-CFD5-4FB8-BC46-CE5DBB2588DE}"
	ProjectSection(SolutionItems) = preProject
		15_creacion_tablas_relacionales.sql = 15_creacion_tablas_relacionales.sql
	EndProjectSection
EndProject
Project("{2150E333-8FDC-42A3-9474-1A3956D46DE8}") = "05_Join", "05_Join", "{5D5653B2-3234-4387-917B-9F48E508169C}"
	ProjectSection(SolutionItems) = preProject
		17.1_inner.sql = 17.1_inner.sql
		17.2_left.sql = 17.2_left.sql
		17.3_right.sql = 17.3_right.sql
		17.4_union.sql = 17.4_union.sql
	EndProjectSection
EndProject
Project("{2150E333-8FDC-42A3-9474-1A3956D46DE8}") = "06_Advanced", "06_Advanced", "{6089FFF3-224F-4ED9-9DDE-8BF348AD50C2}"
	ProjectSection(SolutionItems) = preProject
		18.1_index.sql = 18.1_index.sql
		18.2_trigger.sql = 18.2_trigger.sql
		18.3_view.sql = 18.3_view.sql
		18.4_stored_procedure.sql = 18.4_stored_procedure.sql
		18.5_transactions.sql = 18.5_transactions.sql
	EndProjectSection
EndProject
Project("{2150E333-8FDC-42A3-9474-1A3956D46DE8}") = "07_conections", "07_conections", "{42A4B07B-4A08-40F5-96AA-651DFD314063}"
	ProjectSection(SolutionItems) = preProject
		19_connectors.sql = 19_connectors.sql
	EndProjectSection
EndProject
Global
	GlobalSection(SolutionProperties) = preSolution
		HideSolutionNode = FALSE
	EndGlobalSection
	GlobalSection(NestedProjects) = preSolution
		{23509F90-CFD5-4FB8-BC46-CE5DBB2588DE} = {C4A360CB-5DC6-4AF0-94AB-3ACB701EC96B}
	EndGlobalSection
EndGlobal
